
Microsoft Visual Studio Solution File, Format Version 12.00
# Visual Studio Version 17
VisualStudioVersion = 17.3.32901.215
MinimumVisualStudioVersion = 10.0.40219.1
Project("{9A19103F-16F7-4668-BE54-9A1E7A4F7556}") = "LabControls", "LabControls\LabControls.csproj", "{81802D7E-3B5D-445D-B837-B4C11144854D}"
EndProject
Project("{FAE04EC0-301F-11D3-BF4B-00C04F79EFBC}") = "TestControlsApplication", "TestControlsApplication\TestControlsApplication.csproj", "{0529C811-C5E2-4C4D-BBCC-B8495652D4EB}"
EndProject
Global
	GlobalSection(SolutionConfigurationPlatforms) = preSolution
		Debug|Any CPU = Debug|Any CPU
		Release|Any CPU = Release|Any CPU
	EndGlobalSection
	GlobalSection(ProjectConfigurationPlatforms) = postSolution
		{81802D7E-3B5D-445D-B837-B4C11144854D}.Debug|Any CPU.ActiveCfg = Debug|Any CPU
		{81802D7E-3B5D-445D-B837-B4C11144854D}.Debug|Any CPU.Build.0 = Debug|Any CPU
		{81802D7E-3B5D-445D-B837-B4C11144854D}.Release|Any CPU.ActiveCfg = Release|Any CPU
		{81802D7E-3B5D-445D-B837-B4C11144854D}.Release|Any CPU.Build.0 = Release|Any CPU
		{0529C811-C5E2-4C4D-BBCC-B8495652D4EB}.Debug|Any CPU.ActiveCfg = Debug|Any CPU
		{0529C811-C5E2-4C4D-BBCC-B8495652D4EB}.Debug|Any CPU.Build.0 = Debug|Any CPU
		{0529C811-C5E2-4C4D-BBCC-B8495652D4EB}.Release|Any CPU.ActiveCfg = Release|Any CPU
		{0529C811-C5E2-4C4D-BBCC-B8495652D4EB}.Release|Any CPU.Build.0 = Release|Any CPU
	EndGlobalSection
	GlobalSection(SolutionProperties) = preSolution
		HideSolutionNode = FALSE
	EndGlobalSection
	GlobalSection(ExtensibilityGlobals) = postSolution
		SolutionGuid = {E117026C-9501-4609-86AA-E74CEB03AC1E}
	EndGlobalSection
EndGlobal
